// !$*UTF8*$!
{
	archiveVersion = 1;
	classes = {
	};
	objectVersion = 50;
	objects = {

/* Begin PBXBuildFile section */
		D0824CE82568D58400EAB6A3 /* AppDelegate.swift in Sources */ = {isa = PBXBuildFile; fileRef = D0824CE72568D58400EAB6A3 /* AppDelegate.swift */; };
		D0824CEA2568D58400EAB6A3 /* SceneDelegate.swift in Sources */ = {isa = PBXBuildFile; fileRef = D0824CE92568D58400EAB6A3 /* SceneDelegate.swift */; };
		D0824CEC2568D58400EAB6A3 /* ViewController.swift in Sources */ = {isa = PBXBuildFile; fileRef = D0824CEB2568D58400EAB6A3 /* ViewController.swift */; };
		D0824CEF2568D58400EAB6A3 /* Main.storyboard in Resources */ = {isa = PBXBuildFile; fileRef = D0824CED2568D58400EAB6A3 /* Main.storyboard */; };
		D0824CF12568D58600EAB6A3 /* Assets.xcassets in Resources */ = {isa = PBXBuildFile; fileRef = D0824CF02568D58600EAB6A3 /* Assets.xcassets */; };
		D0824CF42568D58600EAB6A3 /* LaunchScreen.storyboard in Resources */ = {isa = PBXBuildFile; fileRef = D0824CF22568D58600EAB6A3 /* LaunchScreen.storyboard */; };
		D0824D012568D6D000EAB6A3 /* NapTimer.swift in Sources */ = {isa = PBXBuildFile; fileRef = D0824D002568D6D000EAB6A3 /* NapTimer.swift */; };
		D0824D06256A076D00EAB6A3 /* NapTimerViewController.swift in Sources */ = {isa = PBXBuildFile; fileRef = D0824D05256A076D00EAB6A3 /* NapTimerViewController.swift */; };
/* End PBXBuildFile section */

/* Begin PBXFileReference section */
		D0824CE42568D58400EAB6A3 /* PowerNapTimer34.app */ = {isa = PBXFileReference; explicitFileType = wrapper.application; includeInIndex = 0; path = PowerNapTimer34.app; sourceTree = BUILT_PRODUCTS_DIR; };
		D0824CE72568D58400EAB6A3 /* AppDelegate.swift */ = {isa = PBXFileReference; lastKnownFileType = sourcecode.swift; path = AppDelegate.swift; sourceTree = "<group>"; };
		D0824CE92568D58400EAB6A3 /* SceneDelegate.swift */ = {isa = PBXFileReference; lastKnownFileType = sourcecode.swift; path = SceneDelegate.swift; sourceTree = "<group>"; };
		D0824CEB2568D58400EAB6A3 /* ViewController.swift */ = {isa = PBXFileReference; lastKnownFileType = sourcecode.swift; path = ViewController.swift; sourceTree = "<group>"; };
		D0824CEE2568D58400EAB6A3 /* Base */ = {isa = PBXFileReference; lastKnownFileType = file.storyboard; name = Base; path = Base.lproj/Main.storyboard; sourceTree = "<group>"; };
		D0824CF02568D58600EAB6A3 /* Assets.xcassets */ = {isa = PBXFileReference; lastKnownFileType = folder.assetcatalog; path = Assets.xcassets; sourceTree = "<group>"; };
		D0824CF32568D58600EAB6A3 /* Base */ = {isa = PBXFileReference; lastKnownFileType = file.storyboard; name = Base; path = Base.lproj/LaunchScreen.storyboard; sourceTree = "<group>"; };
		D0824CF52568D58600EAB6A3 /* Info.plist */ = {isa = PBXFileReference; lastKnownFileType = text.plist.xml; path = Info.plist; sourceTree = "<group>"; };
		D0824D002568D6D000EAB6A3 /* NapTimer.swift */ = {isa = PBXFileReference; lastKnownFileType = sourcecode.swift; path = NapTimer.swift; sourceTree = "<group>"; };
		D0824D05256A076D00EAB6A3 /* NapTimerViewController.swift */ = {isa = PBXFileReference; lastKnownFileType = sourcecode.swift; path = NapTimerViewController.swift; sourceTree = "<group>"; };
/* End PBXFileReference section */

/* Begin PBXFrameworksBuildPhase section */
		D0824CE12568D58400EAB6A3 /* Frameworks */ = {
			isa = PBXFrameworksBuildPhase;
			buildActionMask = 2147483647;
			files = (
			);
			runOnlyForDeploymentPostprocessing = 0;
		};
/* End PBXFrameworksBuildPhase section */

/* Begin PBXGroup section */
		D0824CDB2568D58400EAB6A3 = {
			isa = PBXGroup;
			children = (
				D0824CE62568D58400EAB6A3 /* PowerNapTimer34 */,
				D0824CE52568D58400EAB6A3 /* Products */,
			);
			sourceTree = "<group>";
		};
		D0824CE52568D58400EAB6A3 /* Products */ = {
			isa = PBXGroup;
			children = (
				D0824CE42568D58400EAB6A3 /* PowerNapTimer34.app */,
			);
			name = Products;
			sourceTree = "<group>";
		};
		D0824CE62568D58400EAB6A3 /* PowerNapTimer34 */ = {
			isa = PBXGroup;
			children = (
				D0824D04256A074A00EAB6A3 /* View Controllers */,
				D0824CFC2568D5BB00EAB6A3 /* Resources */,
				D0824CFE2568D6A800EAB6A3 /* Views */,
				D0824CFF2568D6AD00EAB6A3 /* Model */,
			);
			path = PowerNapTimer34;
			sourceTree = "<group>";
		};
		D0824CFC2568D5BB00EAB6A3 /* Resources */ = {
			isa = PBXGroup;
			children = (
				D0824CE72568D58400EAB6A3 /* AppDelegate.swift */,
				D0824CE92568D58400EAB6A3 /* SceneDelegate.swift */,
				D0824CEB2568D58400EAB6A3 /* ViewController.swift */,
				D0824CF02568D58600EAB6A3 /* Assets.xcassets */,
				D0824CF22568D58600EAB6A3 /* LaunchScreen.storyboard */,
				D0824CF52568D58600EAB6A3 /* Info.plist */,
			);
			path = Resources;
			sourceTree = "<group>";
		};
		D0824CFE2568D6A800EAB6A3 /* Views */ = {
			isa = PBXGroup;
			children = (
				D0824CED2568D58400EAB6A3 /* Main.storyboard */,
			);
			path = Views;
			sourceTree = "<group>";
		};
		D0824CFF2568D6AD00EAB6A3 /* Model */ = {
			isa = PBXGroup;
			children = (
				D0824D002568D6D000EAB6A3 /* NapTimer.swift */,
			);
			path = Model;
			sourceTree = "<group>";
		};
		D0824D04256A074A00EAB6A3 /* View Controllers */ = {
			isa = PBXGroup;
			children = (
				D0824D05256A076D00EAB6A3 /* NapTimerViewController.swift */,
			);
			path = "View Controllers";
			sourceTree = "<group>";
		};
/* End PBXGroup section */

/* Begin PBXNativeTarget section */
		D0824CE32568D58400EAB6A3 /* PowerNapTimer34 */ = {
			isa = PBXNativeTarget;
			buildConfigurationList = D0824CF82568D58600EAB6A3 /* Build configuration list for PBXNativeTarget "PowerNapTimer34" */;
			buildPhases = (
				D0824CE02568D58400EAB6A3 /* Sources */,
				D0824CE12568D58400EAB6A3 /* Frameworks */,
				D0824CE22568D58400EAB6A3 /* Resources */,
			);
			buildRules = (
			);
			dependencies = (
			);
			name = PowerNapTimer34;
			productName = PowerNapTimer34;
			productReference = D0824CE42568D58400EAB6A3 /* PowerNapTimer34.app */;
			productType = "com.apple.product-type.application";
		};
/* End PBXNativeTarget section */

/* Begin PBXProject section */
		D0824CDC2568D58400EAB6A3 /* Project object */ = {
			isa = PBXProject;
			attributes = {
				LastSwiftUpdateCheck = 1220;
				LastUpgradeCheck = 1220;
				TargetAttributes = {
					D0824CE32568D58400EAB6A3 = {
						CreatedOnToolsVersion = 12.2;
					};
				};
			};
			buildConfigurationList = D0824CDF2568D58400EAB6A3 /* Build configuration list for PBXProject "PowerNapTimer34" */;
			compatibilityVersion = "Xcode 9.3";
			developmentRegion = en;
			hasScannedForEncodings = 0;
			knownRegions = (
				en,
				Base,
			);
			mainGroup = D0824CDB2568D58400EAB6A3;
			productRefGroup = D0824CE52568D58400EAB6A3 /* Products */;
			projectDirPath = "";
			projectRoot = "";
			targets = (
				D0824CE32568D58400EAB6A3 /* PowerNapTimer34 */,
			);
		};
/* End PBXProject section */

/* Begin PBXResourcesBuildPhase section */
		D0824CE22568D58400EAB6A3 /* Resources */ = {
			isa = PBXResourcesBuildPhase;
			buildActionMask = 2147483647;
			files = (
				D0824CF42568D58600EAB6A3 /* LaunchScreen.storyboard in Resources */,
				D0824CF12568D58600EAB6A3 /* Assets.xcassets in Resources */,
				D0824CEF2568D58400EAB6A3 /* Main.storyboard in Resources */,
			);
			runOnlyForDeploymentPostprocessing = 0;
		};
/* End PBXResourcesBuildPhase section */

/* Begin PBXSourcesBuildPhase section */
		D0824CE02568D58400EAB6A3 /* Sources */ = {
			isa = PBXSourcesBuildPhase;
			buildActionMask = 2147483647;
			files = (
				D0824D06256A076D00EAB6A3 /* NapTimerViewController.swift in Sources */,
				D0824CEC2568D58400EAB6A3 /* ViewController.swift in Sources */,
				D0824D012568D6D000EAB6A3 /* NapTimer.swift in Sources */,
				D0824CE82568D58400EAB6A3 /* AppDelegate.swift in Sources */,
				D0824CEA2568D58400EAB6A3 /* SceneDelegate.swift in Sources */,
			);
			runOnlyForDeploymentPostprocessing = 0;
		};
/* End PBXSourcesBuildPhase section */

/* Begin PBXVariantGroup section */
		D0824CED2568D58400EAB6A3 /* Main.storyboard */ = {
			isa = PBXVariantGroup;
			children = (
				D0824CEE2568D58400EAB6A3 /* Base */,
			);
			name = Main.storyboard;
			sourceTree = "<group>";
		};
		D0824CF22568D58600EAB6A3 /* LaunchScreen.storyboard */ = {
			isa = PBXVariantGroup;
			children = (
				D0824CF32568D58600EAB6A3 /* Base */,
			);
			name = LaunchScreen.storyboard;
			sourceTree = "<group>";
		};
/* End PBXVariantGroup section */

/* Begin XCBuildConfiguration section */
		D0824CF62568D58600EAB6A3 /* Debug */ = {
			isa = XCBuildConfiguration;
			buildSettings = {
				ALWAYS_SEARCH_USER_PATHS = NO;
				CLANG_ANALYZER_NONNULL = YES;
				CLANG_ANALYZER_NUMBER_OBJECT_CONVERSION = YES_AGGRESSIVE;
				CLANG_CXX_LANGUAGE_STANDARD = "gnu++14";
				CLANG_CXX_LIBRARY = "libc++";
				CLANG_ENABLE_MODULES = YES;
				CLANG_ENABLE_OBJC_ARC = YES;
				CLANG_ENABLE_OBJC_WEAK = YES;
				CLANG_WARN_BLOCK_CAPTURE_AUTORELEASING = YES;
				CLANG_WARN_BOOL_CONVERSION = YES;
				CLANG_WARN_COMMA = YES;
				CLANG_WARN_CONSTANT_CONVERSION = YES;
				CLANG_WARN_DEPRECATED_OBJC_IMPLEMENTATIONS = YES;
				CLANG_WARN_DIRECT_OBJC_ISA_USAGE = YES_ERROR;
				CLANG_WARN_DOCUMENTATION_COMMENTS = YES;
				CLANG_WARN_EMPTY_BODY = YES;
				CLANG_WARN_ENUM_CONVERSION = YES;
				CLANG_WARN_INFINITE_RECURSION = YES;
				CLANG_WARN_INT_CONVERSION = YES;
				CLANG_WARN_NON_LITERAL_NULL_CONVERSION = YES;
				CLANG_WARN_OBJC_IMPLICIT_RETAIN_SELF = YES;
				CLANG_WARN_OBJC_LITERAL_CONVERSION = YES;
				CLANG_WARN_OBJC_ROOT_CLASS = YES_ERROR;
				CLANG_WARN_QUOTED_INCLUDE_IN_FRAMEWORK_HEADER = YES;
				CLANG_WARN_RANGE_LOOP_ANALYSIS = YES;
				CLANG_WARN_STRICT_PROTOTYPES = YES;
				CLANG_WARN_SUSPICIOUS_MOVE = YES;
				CLANG_WARN_UNGUARDED_AVAILABILITY = YES_AGGRESSIVE;
				CLANG_WARN_UNREACHABLE_CODE = YES;
				CLANG_WARN__DUPLICATE_METHOD_MATCH = YES;
				COPY_PHASE_STRIP = NO;
				DEBUG_INFORMATION_FORMAT = dwarf;
				ENABLE_STRICT_OBJC_MSGSEND = YES;
				ENABLE_TESTABILITY = YES;
				GCC_C_LANGUAGE_STANDARD = gnu11;
				GCC_DYNAMIC_NO_PIC = NO;
				GCC_NO_COMMON_BLOCKS = YES;
				GCC_OPTIMIZATION_LEVEL = 0;
				GCC_PREPROCESSOR_DEFINITIONS = (
					"DEBUG=1",
					"$(inherited)",
				);
				GCC_WARN_64_TO_32_BIT_CONVERSION = YES;
				GCC_WARN_ABOUT_RETURN_TYPE = YES_ERROR;
				GCC_WARN_UNDECLARED_SELECTOR = YES;
				GCC_WARN_UNINITIALIZED_AUTOS = YES_AGGRESSIVE;
				GCC_WARN_UNUSED_FUNCTION = YES;
				GCC_WARN_UNUSED_VARIABLE = YES;
				IPHONEOS_DEPLOYMENT_TARGET = 14.2;
				MTL_ENABLE_DEBUG_INFO = INCLUDE_SOURCE;
				MTL_FAST_MATH = YES;
				ONLY_ACTIVE_ARCH = YES;
				SDKROOT = iphoneos;
				SWIFT_ACTIVE_COMPILATION_CONDITIONS = DEBUG;
				SWIFT_OPTIMIZATION_LEVEL = "-Onone";
			};
			name = Debug;
		};
		D0824CF72568D58600EAB6A3 /* Release */ = {
			isa = XCBuildConfiguration;
			buildSettings = {
				ALWAYS_SEARCH_USER_PATHS = NO;
				CLANG_ANALYZER_NONNULL = YES;
				CLANG_ANALYZER_NUMBER_OBJECT_CONVERSION = YES_AGGRESSIVE;
				CLANG_CXX_LANGUAGE_STANDARD = "gnu++14";
				CLANG_CXX_LIBRARY = "libc++";
				CLANG_ENABLE_MODULES = YES;
				CLANG_ENABLE_OBJC_ARC = YES;
				CLANG_ENABLE_OBJC_WEAK = YES;
				CLANG_WARN_BLOCK_CAPTURE_AUTORELEASING = YES;
				CLANG_WARN_BOOL_CONVERSION = YES;
				CLANG_WARN_COMMA = YES;
				CLANG_WARN_CONSTANT_CONVERSION = YES;
				CLANG_WARN_DEPRECATED_OBJC_IMPLEMENTATIONS = YES;
				CLANG_WARN_DIRECT_OBJC_ISA_USAGE = YES_ERROR;
				CLANG_WARN_DOCUMENTATION_COMMENTS = YES;
				CLANG_WARN_EMPTY_BODY = YES;
				CLANG_WARN_ENUM_CONVERSION = YES;
				CLANG_WARN_INFINITE_RECURSION = YES;
				CLANG_WARN_INT_CONVERSION = YES;
				CLANG_WARN_NON_LITERAL_NULL_CONVERSION = YES;
				CLANG_WARN_OBJC_IMPLICIT_RETAIN_SELF = YES;
				CLANG_WARN_OBJC_LITERAL_CONVERSION = YES;
				CLANG_WARN_OBJC_ROOT_CLASS = YES_ERROR;
				CLANG_WARN_QUOTED_INCLUDE_IN_FRAMEWORK_HEADER = YES;
				CLANG_WARN_RANGE_LOOP_ANALYSIS = YES;
				CLANG_WARN_STRICT_PROTOTYPES = YES;
				CLANG_WARN_SUSPICIOUS_MOVE = YES;
				CLANG_WARN_UNGUARDED_AVAILABILITY = YES_AGGRESSIVE;
				CLANG_WARN_UNREACHABLE_CODE = YES;
				CLANG_WARN__DUPLICATE_METHOD_MATCH = YES;
				COPY_PHASE_STRIP = NO;
				DEBUG_INFORMATION_FORMAT = "dwarf-with-dsym";
				ENABLE_NS_ASSERTIONS = NO;
				ENABLE_STRICT_OBJC_MSGSEND = YES;
				GCC_C_LANGUAGE_STANDARD = gnu11;
				GCC_NO_COMMON_BLOCKS = YES;
				GCC_WARN_64_TO_32_BIT_CONVERSION = YES;
				GCC_WARN_ABOUT_RETURN_TYPE = YES_ERROR;
				GCC_WARN_UNDECLARED_SELECTOR = YES;
				GCC_WARN_UNINITIALIZED_AUTOS = YES_AGGRESSIVE;
				GCC_WARN_UNUSED_FUNCTION = YES;
				GCC_WARN_UNUSED_VARIABLE = YES;
				IPHONEOS_DEPLOYMENT_TARGET = 14.2;
				MTL_ENABLE_DEBUG_INFO = NO;
				MTL_FAST_MATH = YES;
				SDKROOT = iphoneos;
				SWIFT_COMPILATION_MODE = wholemodule;
				SWIFT_OPTIMIZATION_LEVEL = "-O";
				VALIDATE_PRODUCT = YES;
			};
			name = Release;
		};
		D0824CF92568D58600EAB6A3 /* Debug */ = {
			isa = XCBuildConfiguration;
			buildSettings = {
				ASSETCATALOG_COMPILER_APPICON_NAME = AppIcon;
				ASSETCATALOG_COMPILER_GLOBAL_ACCENT_COLOR_NAME = AccentColor;
				CODE_SIGN_STYLE = Automatic;
				DEVELOPMENT_TEAM = FXHHZQB8GN;
				INFOPLIST_FILE = PowerNapTimer34/Resources/Info.plist;
				LD_RUNPATH_SEARCH_PATHS = (
					"$(inherited)",
					"@executable_path/Frameworks",
				);
				PRODUCT_BUNDLE_IDENTIFIER = com.juniorsuarezleyva.PowerNapTimer34;
				PRODUCT_NAME = "$(TARGET_NAME)";
				SWIFT_VERSION = 5.0;
				TARGETED_DEVICE_FAMILY = "1,2";
			};
			name = Debug;
		};
		D0824CFA2568D58600EAB6A3 /* Release */ = {
			isa = XCBuildConfiguration;
			buildSettings = {
				ASSETCATALOG_COMPILER_APPICON_NAME = AppIcon;
				ASSETCATALOG_COMPILER_GLOBAL_ACCENT_COLOR_NAME = AccentColor;
				CODE_SIGN_STYLE = Automatic;
				DEVELOPMENT_TEAM = FXHHZQB8GN;
				INFOPLIST_FILE = PowerNapTimer34/Resources/Info.plist;
				LD_RUNPATH_SEARCH_PATHS = (
					"$(inherited)",
					"@executable_path/Frameworks",
				);
				PRODUCT_BUNDLE_IDENTIFIER = com.juniorsuarezleyva.PowerNapTimer34;
				PRODUCT_NAME = "$(TARGET_NAME)";
				SWIFT_VERSION = 5.0;
				TARGETED_DEVICE_FAMILY = "1,2";
			};
			name = Release;
		};
/* End XCBuildConfiguration section */

/* Begin XCConfigurationList section */
		D0824CDF2568D58400EAB6A3 /* Build configuration list for PBXProject "PowerNapTimer34" */ = {
			isa = XCConfigurationList;
			buildConfigurations = (
				D0824CF62568D58600EAB6A3 /* Debug */,
				D0824CF72568D58600EAB6A3 /* Release */,
			);
			defaultConfigurationIsVisible = 0;
			defaultConfigurationName = Release;
		};
		D0824CF82568D58600EAB6A3 /* Build configuration list for PBXNativeTarget "PowerNapTimer34" */ = {
			isa = XCConfigurationList;
			buildConfigurations = (
				D0824CF92568D58600EAB6A3 /* Debug */,
				D0824CFA2568D58600EAB6A3 /* Release */,
			);
			defaultConfigurationIsVisible = 0;
			defaultConfigurationName = Release;
		};
/* End XCConfigurationList section */
	};
	rootObject = D0824CDC2568D58400EAB6A3 /* Project object */;
}
